lockfileVersion: '9.0'

settings:
  autoInstallPeers: true
  excludeLinksFromLockfile: false

importers:

  .:
    dependencies:
      zod:
        specifier: ^3.25.13
        version: 3.25.13
    devDependencies:
      changesets:
        specifier: ^1.0.2
        version: 1.0.2

packages:

  changesets@1.0.2:
    resolution: {integrity: sha512-lnXvvqJEcK0z/6RtwKNLbejazl+Hxd1bocMcNgfLHWb4rGxuqkO/LdeGNzwIx3jHj+fNWZ6AGgK5AqNBwva4Xg==}

  zod@3.25.13:
    resolution: {integrity: sha512-Q8mvk2iWi7rTDfpQBsu4ziE7A6AxgzJ5hzRyRYQkoV3A3niYsXVwDaP1Kbz3nWav6S+VZ6k2OznFn8ZyDHvIrg==}

snapshots:

  changesets@1.0.2: {}

  zod@3.25.13: {}
